
Microsoft Visual Studio Solution File, Format Version 12.00
# Visual Studio 2012
Project("{FAE04EC0-301F-11D3-BF4B-00C04F79EFBC}") = "OrdersRegistration", "OrdersRegistration\OrdersRegistration.csproj", "{E2C6F073-CD87-408B-958B-B6C008455AFC}"
EndProject
Project("{FAE04EC0-301F-11D3-BF4B-00C04F79EFBC}") = "AirVentsOrderManager", "AirVentsOrderManager\AirVentsOrderManager.csproj", "{52C57C22-1383-404E-8F89-E0BBCAC97F34}"
EndProject
Project("{FAE04EC0-301F-11D3-BF4B-00C04F79EFBC}") = "TestProject", "TestProject\TestProject.csproj", "{0AF8F493-0F74-415A-8034-2D548DC9A56E}"
EndProject
Global
	GlobalSection(SolutionConfigurationPlatforms) = preSolution
		Debug|Any CPU = Debug|Any CPU
		Release|Any CPU = Release|Any CPU
	EndGlobalSection
	GlobalSection(ProjectConfigurationPlatforms) = postSolution
		{E2C6F073-CD87-408B-958B-B6C008455AFC}.Debug|Any CPU.ActiveCfg = Debug|Any CPU
		{E2C6F073-CD87-408B-958B-B6C008455AFC}.Debug|Any CPU.Build.0 = Debug|Any CPU
		{E2C6F073-CD87-408B-958B-B6C008455AFC}.Release|Any CPU.ActiveCfg = Release|Any CPU
		{E2C6F073-CD87-408B-958B-B6C008455AFC}.Release|Any CPU.Build.0 = Release|Any CPU
		{52C57C22-1383-404E-8F89-E0BBCAC97F34}.Debug|Any CPU.ActiveCfg = Debug|Any CPU
		{52C57C22-1383-404E-8F89-E0BBCAC97F34}.Debug|Any CPU.Build.0 = Debug|Any CPU
		{52C57C22-1383-404E-8F89-E0BBCAC97F34}.Release|Any CPU.ActiveCfg = Release|Any CPU
		{52C57C22-1383-404E-8F89-E0BBCAC97F34}.Release|Any CPU.Build.0 = Release|Any CPU
		{0AF8F493-0F74-415A-8034-2D548DC9A56E}.Debug|Any CPU.ActiveCfg = Debug|Any CPU
		{0AF8F493-0F74-415A-8034-2D548DC9A56E}.Debug|Any CPU.Build.0 = Debug|Any CPU
		{0AF8F493-0F74-415A-8034-2D548DC9A56E}.Release|Any CPU.ActiveCfg = Release|Any CPU
		{0AF8F493-0F74-415A-8034-2D548DC9A56E}.Release|Any CPU.Build.0 = Release|Any CPU
	EndGlobalSection
	GlobalSection(SolutionProperties) = preSolution
		HideSolutionNode = FALSE
	EndGlobalSection
EndGlobal
